// !$*UTF8*$!
{
	archiveVersion = 1;
	classes = {
	};
	objectVersion = 46;
	objects = {

/* Begin PBXBuildFile section */
		3234F8761F43DD8100D38F3C /* main.m in Sources */ = {isa = PBXBuildFile; fileRef = 3234F8751F43DD8100D38F3C /* main.m */; };
		3234F8791F43DD8100D38F3C /* AppDelegate.m in Sources */ = {isa = PBXBuildFile; fileRef = 3234F8781F43DD8100D38F3C /* AppDelegate.m */; };
		3234F87C1F43DD8100D38F3C /* ViewController.m in Sources */ = {isa = PBXBuildFile; fileRef = 3234F87B1F43DD8100D38F3C /* ViewController.m */; };
		3234F87F1F43DD8100D38F3C /* Main.storyboard in Resources */ = {isa = PBXBuildFile; fileRef = 3234F87D1F43DD8100D38F3C /* Main.storyboard */; };
		3234F8811F43DD8100D38F3C /* Assets.xcassets in Resources */ = {isa = PBXBuildFile; fileRef = 3234F8801F43DD8100D38F3C /* Assets.xcassets */; };
		3234F8841F43DD8100D38F3C /* LaunchScreen.storyboard in Resources */ = {isa = PBXBuildFile; fileRef = 3234F8821F43DD8100D38F3C /* LaunchScreen.storyboard */; };
		3234F88D1F43DD9A00D38F3C /* Person.m in Sources */ = {isa = PBXBuildFile; fileRef = 3234F88C1F43DD9A00D38F3C /* Person.m */; };
		3234F8911F43DE1300D38F3C /* NSPreciateController.m in Sources */ = {isa = PBXBuildFile; fileRef = 3234F8901F43DE1300D38F3C /* NSPreciateController.m */; };
/* End PBXBuildFile section */

/* Begin PBXFileReference section */
		3234F8711F43DD8100D38F3C /* demon_NSPreciate.app */ = {isa = PBXFileReference; explicitFileType = wrapper.application; includeInIndex = 0; path = demon_NSPreciate.app; sourceTree = BUILT_PRODUCTS_DIR; };
		3234F8751F43DD8100D38F3C /* main.m */ = {isa = PBXFileReference; lastKnownFileType = sourcecode.c.objc; path = main.m; sourceTree = "<group>"; };
		3234F8771F43DD8100D38F3C /* AppDelegate.h */ = {isa = PBXFileReference; lastKnownFileType = sourcecode.c.h; path = AppDelegate.h; sourceTree = "<group>"; };
		3234F8781F43DD8100D38F3C /* AppDelegate.m */ = {isa = PBXFileReference; lastKnownFileType = sourcecode.c.objc; path = AppDelegate.m; sourceTree = "<group>"; };
		3234F87A1F43DD8100D38F3C /* ViewController.h */ = {isa = PBXFileReference; lastKnownFileType = sourcecode.c.h; path = ViewController.h; sourceTree = "<group>"; };
		3234F87B1F43DD8100D38F3C /* ViewController.m */ = {isa = PBXFileReference; lastKnownFileType = sourcecode.c.objc; path = ViewController.m; sourceTree = "<group>"; };
		3234F87E1F43DD8100D38F3C /* Base */ = {isa = PBXFileReference; lastKnownFileType = file.storyboard; name = Base; path = Base.lproj/Main.storyboard; sourceTree = "<group>"; };
		3234F8801F43DD8100D38F3C /* Assets.xcassets */ = {isa = PBXFileReference; lastKnownFileType = folder.assetcatalog; path = Assets.xcassets; sourceTree = "<group>"; };
		3234F8831F43DD8100D38F3C /* Base */ = {isa = PBXFileReference; lastKnownFileType = file.storyboard; name = Base; path = Base.lproj/LaunchScreen.storyboard; sourceTree = "<group>"; };
		3234F8851F43DD8100D38F3C /* Info.plist */ = {isa = PBXFileReference; lastKnownFileType = text.plist.xml; path = Info.plist; sourceTree = "<group>"; };
		3234F88B1F43DD9A00D38F3C /* Person.h */ = {isa = PBXFileReference; fileEncoding = 4; lastKnownFileType = sourcecode.c.h; path = Person.h; sourceTree = "<group>"; };
		3234F88C1F43DD9A00D38F3C /* Person.m */ = {isa = PBXFileReference; fileEncoding = 4; lastKnownFileType = sourcecode.c.objc; path = Person.m; sourceTree = "<group>"; };
		3234F88F1F43DE1300D38F3C /* NSPreciateController.h */ = {isa = PBXFileReference; fileEncoding = 4; lastKnownFileType = sourcecode.c.h; path = NSPreciateController.h; sourceTree = "<group>"; };
		3234F8901F43DE1300D38F3C /* NSPreciateController.m */ = {isa = PBXFileReference; fileEncoding = 4; lastKnownFileType = sourcecode.c.objc; path = NSPreciateController.m; sourceTree = "<group>"; };
/* End PBXFileReference section */

/* Begin PBXFrameworksBuildPhase section */
		3234F86E1F43DD8100D38F3C /* Frameworks */ = {
			isa = PBXFrameworksBuildPhase;
			buildActionMask = 2147483647;
			files = (
			);
			runOnlyForDeploymentPostprocessing = 0;
		};
/* End PBXFrameworksBuildPhase section */

/* Begin PBXGroup section */
		3234F8681F43DD8100D38F3C = {
			isa = PBXGroup;
			children = (
				3234F8731F43DD8100D38F3C /* demon_NSPreciate */,
				3234F8721F43DD8100D38F3C /* Products */,
			);
			sourceTree = "<group>";
		};
		3234F8721F43DD8100D38F3C /* Products */ = {
			isa = PBXGroup;
			children = (
				3234F8711F43DD8100D38F3C /* demon_NSPreciate.app */,
			);
			name = Products;
			sourceTree = "<group>";
		};
		3234F8731F43DD8100D38F3C /* demon_NSPreciate */ = {
			isa = PBXGroup;
			children = (
				3234F8771F43DD8100D38F3C /* AppDelegate.h */,
				3234F8781F43DD8100D38F3C /* AppDelegate.m */,
				3234F87A1F43DD8100D38F3C /* ViewController.h */,
				3234F87B1F43DD8100D38F3C /* ViewController.m */,
				3234F88E1F43DDB200D38F3C /* NSPreciate */,
				3234F8741F43DD8100D38F3C /* Supporting Files */,
			);
			path = demon_NSPreciate;
			sourceTree = "<group>";
		};
		3234F8741F43DD8100D38F3C /* Supporting Files */ = {
			isa = PBXGroup;
			children = (
				3234F87D1F43DD8100D38F3C /* Main.storyboard */,
				3234F8801F43DD8100D38F3C /* Assets.xcassets */,
				3234F8821F43DD8100D38F3C /* LaunchScreen.storyboard */,
				3234F8851F43DD8100D38F3C /* Info.plist */,
				3234F8751F43DD8100D38F3C /* main.m */,
			);
			name = "Supporting Files";
			sourceTree = "<group>";
		};
		3234F88E1F43DDB200D38F3C /* NSPreciate */ = {
			isa = PBXGroup;
			children = (
				3234F88F1F43DE1300D38F3C /* NSPreciateController.h */,
				3234F8901F43DE1300D38F3C /* NSPreciateController.m */,
				3234F88B1F43DD9A00D38F3C /* Person.h */,
				3234F88C1F43DD9A00D38F3C /* Person.m */,
			);
			name = NSPreciate;
			path = demon_NSPreciate;
			sourceTree = SOURCE_ROOT;
		};
/* End PBXGroup section */

/* Begin PBXNativeTarget section */
		3234F8701F43DD8100D38F3C /* demon_NSPreciate */ = {
			isa = PBXNativeTarget;
			buildConfigurationList = 3234F8881F43DD8100D38F3C /* Build configuration list for PBXNativeTarget "demon_NSPreciate" */;
			buildPhases = (
				3234F86D1F43DD8100D38F3C /* Sources */,
				3234F86E1F43DD8100D38F3C /* Frameworks */,
				3234F86F1F43DD8100D38F3C /* Resources */,
			);
			buildRules = (
			);
			dependencies = (
			);
			name = demon_NSPreciate;
			productName = demon_NSPreciate;
			productReference = 3234F8711F43DD8100D38F3C /* demon_NSPreciate.app */;
			productType = "com.apple.product-type.application";
		};
/* End PBXNativeTarget section */

/* Begin PBXProject section */
		3234F8691F43DD8100D38F3C /* Project object */ = {
			isa = PBXProject;
			attributes = {
				LastUpgradeCheck = 0830;
				ORGANIZATIONNAME = BruceZhu;
				TargetAttributes = {
					3234F8701F43DD8100D38F3C = {
						CreatedOnToolsVersion = 8.3.2;
						DevelopmentTeam = ZTW9XPA927;
						ProvisioningStyle = Automatic;
					};
				};
			};
			buildConfigurationList = 3234F86C1F43DD8100D38F3C /* Build configuration list for PBXProject "demon_NSPreciate" */;
			compatibilityVersion = "Xcode 3.2";
			developmentRegion = English;
			hasScannedForEncodings = 0;
			knownRegions = (
				en,
				Base,
			);
			mainGroup = 3234F8681F43DD8100D38F3C;
			productRefGroup = 3234F8721F43DD8100D38F3C /* Products */;
			projectDirPath = "";
			projectRoot = "";
			targets = (
				3234F8701F43DD8100D38F3C /* demon_NSPreciate */,
			);
		};
/* End PBXProject section */

/* Begin PBXResourcesBuildPhase section */
		3234F86F1F43DD8100D38F3C /* Resources */ = {
			isa = PBXResourcesBuildPhase;
			buildActionMask = 2147483647;
			files = (
				3234F8841F43DD8100D38F3C /* LaunchScreen.storyboard in Resources */,
				3234F8811F43DD8100D38F3C /* Assets.xcassets in Resources */,
				3234F87F1F43DD8100D38F3C /* Main.storyboard in Resources */,
			);
			runOnlyForDeploymentPostprocessing = 0;
		};
/* End PBXResourcesBuildPhase section */

/* Begin PBXSourcesBuildPhase section */
		3234F86D1F43DD8100D38F3C /* Sources */ = {
			isa = PBXSourcesBuildPhase;
			buildActionMask = 2147483647;
			files = (
				3234F87C1F43DD8100D38F3C /* ViewController.m in Sources */,
				3234F8911F43DE1300D38F3C /* NSPreciateController.m in Sources */,
				3234F8791F43DD8100D38F3C /* AppDelegate.m in Sources */,
				3234F88D1F43DD9A00D38F3C /* Person.m in Sources */,
				3234F8761F43DD8100D38F3C /* main.m in Sources */,
			);
			runOnlyForDeploymentPostprocessing = 0;
		};
/* End PBXSourcesBuildPhase section */

/* Begin PBXVariantGroup section */
		3234F87D1F43DD8100D38F3C /* Main.storyboard */ = {
			isa = PBXVariantGroup;
			children = (
				3234F87E1F43DD8100D38F3C /* Base */,
			);
			name = Main.storyboard;
			sourceTree = "<group>";
		};
		3234F8821F43DD8100D38F3C /* LaunchScreen.storyboard */ = {
			isa = PBXVariantGroup;
			children = (
				3234F8831F43DD8100D38F3C /* Base */,
			);
			name = LaunchScreen.storyboard;
			sourceTree = "<group>";
		};
/* End PBXVariantGroup section */

/* Begin XCBuildConfiguration section */
		3234F8861F43DD8100D38F3C /* Debug */ = {
			isa = XCBuildConfiguration;
			buildSettings = {
				ALWAYS_SEARCH_USER_PATHS = NO;
				CLANG_ANALYZER_NONNULL = YES;
				CLANG_ANALYZER_NUMBER_OBJECT_CONVERSION = YES_AGGRESSIVE;
				CLANG_CXX_LANGUAGE_STANDARD = "gnu++0x";
				CLANG_CXX_LIBRARY = "libc++";
				CLANG_ENABLE_MODULES = YES;
				CLANG_ENABLE_OBJC_ARC = YES;
				CLANG_WARN_BOOL_CONVERSION = YES;
				CLANG_WARN_CONSTANT_CONVERSION = YES;
				CLANG_WARN_DIRECT_OBJC_ISA_USAGE = YES_ERROR;
				CLANG_WARN_DOCUMENTATION_COMMENTS = YES;
				CLANG_WARN_EMPTY_BODY = YES;
				CLANG_WARN_ENUM_CONVERSION = YES;
				CLANG_WARN_INFINITE_RECURSION = YES;
				CLANG_WARN_INT_CONVERSION = YES;
				CLANG_WARN_OBJC_ROOT_CLASS = YES_ERROR;
				CLANG_WARN_SUSPICIOUS_MOVE = YES;
				CLANG_WARN_UNREACHABLE_CODE = YES;
				CLANG_WARN__DUPLICATE_METHOD_MATCH = YES;
				"CODE_SIGN_IDENTITY[sdk=iphoneos*]" = "iPhone Developer";
				COPY_PHASE_STRIP = NO;
				DEBUG_INFORMATION_FORMAT = dwarf;
				ENABLE_STRICT_OBJC_MSGSEND = YES;
				ENABLE_TESTABILITY = YES;
				GCC_C_LANGUAGE_STANDARD = gnu99;
				GCC_DYNAMIC_NO_PIC = NO;
				GCC_NO_COMMON_BLOCKS = YES;
				GCC_OPTIMIZATION_LEVEL = 0;
				GCC_PREPROCESSOR_DEFINITIONS = (
					"DEBUG=1",
					"$(inherited)",
				);
				GCC_WARN_64_TO_32_BIT_CONVERSION = YES;
				GCC_WARN_ABOUT_RETURN_TYPE = YES_ERROR;
				GCC_WARN_UNDECLARED_SELECTOR = YES;
				GCC_WARN_UNINITIALIZED_AUTOS = YES_AGGRESSIVE;
				GCC_WARN_UNUSED_FUNCTION = YES;
				GCC_WARN_UNUSED_VARIABLE = YES;
				IPHONEOS_DEPLOYMENT_TARGET = 10.3;
				MTL_ENABLE_DEBUG_INFO = YES;
				ONLY_ACTIVE_ARCH = YES;
				SDKROOT = iphoneos;
				TARGETED_DEVICE_FAMILY = "1,2";
			};
			name = Debug;
		};
		3234F8871F43DD8100D38F3C /* Release */ = {
			isa = XCBuildConfiguration;
			buildSettings = {
				ALWAYS_SEARCH_USER_PATHS = NO;
				CLANG_ANALYZER_NONNULL = YES;
				CLANG_ANALYZER_NUMBER_OBJECT_CONVERSION = YES_AGGRESSIVE;
				CLANG_CXX_LANGUAGE_STANDARD = "gnu++0x";
				CLANG_CXX_LIBRARY = "libc++";
				CLANG_ENABLE_MODULES = YES;
				CLANG_ENABLE_OBJC_ARC = YES;
				CLANG_WARN_BOOL_CONVERSION = YES;
				CLANG_WARN_CONSTANT_CONVERSION = YES;
				CLANG_WARN_DIRECT_OBJC_ISA_USAGE = YES_ERROR;
				CLANG_WARN_DOCUMENTATION_COMMENTS = YES;
				CLANG_WARN_EMPTY_BODY = YES;
				CLANG_WARN_ENUM_CONVERSION = YES;
				CLANG_WARN_INFINITE_RECURSION = YES;
				CLANG_WARN_INT_CONVERSION = YES;
				CLANG_WARN_OBJC_ROOT_CLASS = YES_ERROR;
				CLANG_WARN_SUSPICIOUS_MOVE = YES;
				CLANG_WARN_UNREACHABLE_CODE = YES;
				CLANG_WARN__DUPLICATE_METHOD_MATCH = YES;
				"CODE_SIGN_IDENTITY[sdk=iphoneos*]" = "iPhone Developer";
				COPY_PHASE_STRIP = NO;
				DEBUG_INFORMATION_FORMAT = "dwarf-with-dsym";
				ENABLE_NS_ASSERTIONS = NO;
				ENABLE_STRICT_OBJC_MSGSEND = YES;
				GCC_C_LANGUAGE_STANDARD = gnu99;
				GCC_NO_COMMON_BLOCKS = YES;
				GCC_WARN_64_TO_32_BIT_CONVERSION = YES;
				GCC_WARN_ABOUT_RETURN_TYPE = YES_ERROR;
				GCC_WARN_UNDECLARED_SELECTOR = YES;
				GCC_WARN_UNINITIALIZED_AUTOS = YES_AGGRESSIVE;
				GCC_WARN_UNUSED_FUNCTION = YES;
				GCC_WARN_UNUSED_VARIABLE = YES;
				IPHONEOS_DEPLOYMENT_TARGET = 10.3;
				MTL_ENABLE_DEBUG_INFO = NO;
				SDKROOT = iphoneos;
				TARGETED_DEVICE_FAMILY = "1,2";
				VALIDATE_PRODUCT = YES;
			};
			name = Release;
		};
		3234F8891F43DD8100D38F3C /* Debug */ = {
			isa = XCBuildConfiguration;
			buildSettings = {
				ASSETCATALOG_COMPILER_APPICON_NAME = AppIcon;
				DEVELOPMENT_TEAM = ZTW9XPA927;
				INFOPLIST_FILE = demon_NSPreciate/Info.plist;
				LD_RUNPATH_SEARCH_PATHS = "$(inherited) @executable_path/Frameworks";
				PRODUCT_BUNDLE_IDENTIFIER = "BruceZhu.demon-NSPreciate";
				PRODUCT_NAME = "$(TARGET_NAME)";
			};
			name = Debug;
		};
		3234F88A1F43DD8100D38F3C /* Release */ = {
			isa = XCBuildConfiguration;
			buildSettings = {
				ASSETCATALOG_COMPILER_APPICON_NAME = AppIcon;
				DEVELOPMENT_TEAM = ZTW9XPA927;
				INFOPLIST_FILE = demon_NSPreciate/Info.plist;
				LD_RUNPATH_SEARCH_PATHS = "$(inherited) @executable_path/Frameworks";
				PRODUCT_BUNDLE_IDENTIFIER = "BruceZhu.demon-NSPreciate";
				PRODUCT_NAME = "$(TARGET_NAME)";
			};
			name = Release;
		};
/* End XCBuildConfiguration section */

/* Begin XCConfigurationList section */
		3234F86C1F43DD8100D38F3C /* Build configuration list for PBXProject "demon_NSPreciate" */ = {
			isa = XCConfigurationList;
			buildConfigurations = (
				3234F8861F43DD8100D38F3C /* Debug */,
				3234F8871F43DD8100D38F3C /* Release */,
			);
			defaultConfigurationIsVisible = 0;
			defaultConfigurationName = Release;
		};
		3234F8881F43DD8100D38F3C /* Build configuration list for PBXNativeTarget "demon_NSPreciate" */ = {
			isa = XCConfigurationList;
			buildConfigurations = (
				3234F8891F43DD8100D38F3C /* Debug */,
				3234F88A1F43DD8100D38F3C /* Release */,
			);
			defaultConfigurationIsVisible = 0;
		};
/* End XCConfigurationList section */
	};
	rootObject = 3234F8691F43DD8100D38F3C /* Project object */;
}
